{
  "name": "frontend-pro",
  "lockfileVersion": 2,
  "requires": true,
  "packages": {
    "": {
      "dependencies": {
        "inputmask": "^5.0.7",
        "just-validate": "^3.8.1"
      }
    },
    "node_modules/inputmask": {
      "version": "5.0.7",
      "resolved": "https://registry.npmjs.org/inputmask/-/inputmask-5.0.7.tgz",
      "integrity": "sha512-rUxbRDS25KEib+c/Ow+K01oprU/+EK9t9SOPC8ov94/ftULGDqj1zOgRU/Hko6uzoKRMdwCfuhAafJ/Wk2wffQ=="
    },
    "node_modules/just-validate": {
      "version": "3.8.1",
      "resolved": "https://registry.npmjs.org/just-validate/-/just-validate-3.8.1.tgz",
      "integrity": "sha512-nkrFDBmBe/NUwjGRZmV9SdKPA6Tmp4NQw7dMxQMJMr576BrQ+e5XpToxVHJpTri6dcXjPaKcXbYw9+3hJ3Wj9w=="
    }
  },
  "dependencies": {
    "inputmask": {
      "version": "5.0.7",
      "resolved": "https://registry.npmjs.org/inputmask/-/inputmask-5.0.7.tgz",
      "integrity": "sha512-rUxbRDS25KEib+c/Ow+K01oprU/+EK9t9SOPC8ov94/ftULGDqj1zOgRU/Hko6uzoKRMdwCfuhAafJ/Wk2wffQ=="
    },
    "just-validate": {
      "version": "3.8.1",
      "resolved": "https://registry.npmjs.org/just-validate/-/just-validate-3.8.1.tgz",
      "integrity": "sha512-nkrFDBmBe/NUwjGRZmV9SdKPA6Tmp4NQw7dMxQMJMr576BrQ+e5XpToxVHJpTri6dcXjPaKcXbYw9+3hJ3Wj9w=="
    }
  }
}
